
Microsoft Visual Studio Solution File, Format Version 12.00
# Visual Studio Version 18
VisualStudioVersion = 18.1.11312.151
MinimumVisualStudioVersion = 10.0.40219.1
Project("{9A19103F-16F7-4668-BE54-9A1E7A4F7556}") = "SistemaDeElementos", "SistemaDeElementos.csproj", "{51FAD3C8-C00A-40CA-A3ED-9C6C2B70D7FF}"
EndProject
Project("{9A19103F-16F7-4668-BE54-9A1E7A4F7556}") = "GestorDeErrores", "..\Servicios\GestorDeErrores\GestorDeErrores.csproj", "{C81A6CF1-2457-4588-936F-026EC7F2A221}"
EndProject
Project("{9A19103F-16F7-4668-BE54-9A1E7A4F7556}") = "Utilidades", "..\Ayudas\Extensiones\Utilidades.csproj", "{9F572B22-183A-45C2-80CD-5649F8EDA322}"
EndProject
Project("{9A19103F-16F7-4668-BE54-9A1E7A4F7556}") = "ServicioDeCorreos", "..\Servicios\GestorDeCorreo\ServicioDeCorreos.csproj", "{618CACF4-AFF6-4833-9F60-0A87F379543B}"
EndProject
Project("{9A19103F-16F7-4668-BE54-9A1E7A4F7556}") = "GestorDeElementos", "..\Servicios\GestorDeElementos\GestorDeElementos.csproj", "{14238C7E-1CB5-47FE-9869-F0774CFDA37A}"
EndProject
Project("{9A19103F-16F7-4668-BE54-9A1E7A4F7556}") = "Migraciones", "..\Migraciones\Migraciones.csproj", "{8C8425B1-EF9D-420C-9FBB-5C801DF3467B}"
EndProject
Project("{9A19103F-16F7-4668-BE54-9A1E7A4F7556}") = "ServicioDeDatos", "..\ServicioDeDatos\ServicioDeDatos.csproj", "{CA8BD4E7-700E-46C5-9C21-BBF2484B7E0C}"
EndProject
Project("{9A19103F-16F7-4668-BE54-9A1E7A4F7556}") = "ModeloDeDto", "..\ModeloDeDto\ModeloDeDto.csproj", "{A6F6747A-22E2-4374-ACE5-6553FCCA227B}"
EndProject
Project("{9A19103F-16F7-4668-BE54-9A1E7A4F7556}") = "GestoresDeNegocio", "..\GestoresDeNegocio\GestoresDeNegocio.csproj", "{CCE14A8B-8C91-41E9-97E6-7C9AF4BA767B}"
EndProject
Project("{9A19103F-16F7-4668-BE54-9A1E7A4F7556}") = "Inicializador", "..\Inicializador\Inicializador.csproj", "{6F9B089F-6A1C-4C43-A995-668CA385759A}"
EndProject
Project("{9A19103F-16F7-4668-BE54-9A1E7A4F7556}") = "ServicioDeReportes", "..\ServicioDeReportes\ServicioDeReportes.csproj", "{DD38EBAC-3ED4-491D-8FB8-83E112801696}"
EndProject
Project("{9A19103F-16F7-4668-BE54-9A1E7A4F7556}") = "ServicioXml", "..\ServicioSepa\ServicioXml.csproj", "{181D2CE1-6BF2-40D8-BA21-525177A11ADD}"
EndProject
Project("{9A19103F-16F7-4668-BE54-9A1E7A4F7556}") = "Z_EmpaquetarSitioWeb", "..\Z_EmpaquetarPublicacion\Z_EmpaquetarSitioWeb.csproj", "{1233529C-A1F5-4BC5-AD60-412B28AF0C83}"
EndProject
Project("{9A19103F-16F7-4668-BE54-9A1E7A4F7556}") = "ModeloXml", "..\ModeloXml\ModeloXml.csproj", "{8064C0EB-B5C1-462E-A412-F22A60117133}"
EndProject
Project("{FAE04EC0-301F-11D3-BF4B-00C04F79EFBC}") = "ProcesadorOcr", "..\ProcesadorOcr\ProcesadorOcr.csproj", "{FAB492DE-088F-43DD-B9AD-00B05C826C66}"
EndProject
Project("{FAE04EC0-301F-11D3-BF4B-00C04F79EFBC}") = "VeriFactu.Net.Core", "..\..\..\..\Documents\GitHub\VeriFactu\NetCore\VeriFactu.Net.Core.csproj", "{EA72A07C-BDD7-B42F-7346-725B0EA54635}"
EndProject
Project("{FAE04EC0-301F-11D3-BF4B-00C04F79EFBC}") = "ServiciosLexnet", "..\ServiciosLexnet\ServiciosLexnet.csproj", "{E646A988-FDC6-47B5-AC9E-5DF2257CE594}"
EndProject
Project("{FAE04EC0-301F-11D3-BF4B-00C04F79EFBC}") = "Z_EmpaquetarPublicacionCompleta", "..\Z_EmpaquetarPublicacionCompleta\Z_EmpaquetarPublicacionCompleta.csproj", "{4CD0EE0D-19EF-4215-93E3-D34A00A1A346}"
EndProject
Global
	GlobalSection(SolutionConfigurationPlatforms) = preSolution
		Debug|Any CPU = Debug|Any CPU
		Debug|ARM = Debug|ARM
		Debug|ARM64 = Debug|ARM64
		Debug|x64 = Debug|x64
		Debug|x86 = Debug|x86
		Release|Any CPU = Release|Any CPU
		Release|ARM = Release|ARM
		Release|ARM64 = Release|ARM64
		Release|x64 = Release|x64
		Release|x86 = Release|x86
	EndGlobalSection
	GlobalSection(ProjectConfigurationPlatforms) = postSolution
		{51FAD3C8-C00A-40CA-A3ED-9C6C2B70D7FF}.Debug|Any CPU.ActiveCfg = Debug|Any CPU
		{51FAD3C8-C00A-40CA-A3ED-9C6C2B70D7FF}.Debug|Any CPU.Build.0 = Debug|Any CPU
		{51FAD3C8-C00A-40CA-A3ED-9C6C2B70D7FF}.Debug|ARM.ActiveCfg = Debug|Any CPU
		{51FAD3C8-C00A-40CA-A3ED-9C6C2B70D7FF}.Debug|ARM.Build.0 = Debug|Any CPU
		{51FAD3C8-C00A-40CA-A3ED-9C6C2B70D7FF}.Debug|ARM64.ActiveCfg = Debug|Any CPU
		{51FAD3C8-C00A-40CA-A3ED-9C6C2B70D7FF}.Debug|ARM64.Build.0 = Debug|Any CPU
		{51FAD3C8-C00A-40CA-A3ED-9C6C2B70D7FF}.Debug|x64.ActiveCfg = Debug|Any CPU
		{51FAD3C8-C00A-40CA-A3ED-9C6C2B70D7FF}.Debug|x64.Build.0 = Debug|Any CPU
		{51FAD3C8-C00A-40CA-A3ED-9C6C2B70D7FF}.Debug|x86.ActiveCfg = Debug|Any CPU
		{51FAD3C8-C00A-40CA-A3ED-9C6C2B70D7FF}.Debug|x86.Build.0 = Debug|Any CPU
		{51FAD3C8-C00A-40CA-A3ED-9C6C2B70D7FF}.Release|Any CPU.ActiveCfg = Release|Any CPU
		{51FAD3C8-C00A-40CA-A3ED-9C6C2B70D7FF}.Release|Any CPU.Build.0 = Release|Any CPU
		{51FAD3C8-C00A-40CA-A3ED-9C6C2B70D7FF}.Release|ARM.ActiveCfg = Release|Any CPU
		{51FAD3C8-C00A-40CA-A3ED-9C6C2B70D7FF}.Release|ARM.Build.0 = Release|Any CPU
		{51FAD3C8-C00A-40CA-A3ED-9C6C2B70D7FF}.Release|ARM64.ActiveCfg = Release|Any CPU
		{51FAD3C8-C00A-40CA-A3ED-9C6C2B70D7FF}.Release|ARM64.Build.0 = Release|Any CPU
		{51FAD3C8-C00A-40CA-A3ED-9C6C2B70D7FF}.Release|x64.ActiveCfg = Release|Any CPU
		{51FAD3C8-C00A-40CA-A3ED-9C6C2B70D7FF}.Release|x64.Build.0 = Release|Any CPU
		{51FAD3C8-C00A-40CA-A3ED-9C6C2B70D7FF}.Release|x86.ActiveCfg = Release|Any CPU
		{51FAD3C8-C00A-40CA-A3ED-9C6C2B70D7FF}.Release|x86.Build.0 = Release|Any CPU
		{C81A6CF1-2457-4588-936F-026EC7F2A221}.Debug|Any CPU.ActiveCfg = Debug|Any CPU
		{C81A6CF1-2457-4588-936F-026EC7F2A221}.Debug|Any CPU.Build.0 = Debug|Any CPU
		{C81A6CF1-2457-4588-936F-026EC7F2A221}.Debug|ARM.ActiveCfg = Debug|Any CPU
		{C81A6CF1-2457-4588-936F-026EC7F2A221}.Debug|ARM.Build.0 = Debug|Any CPU
		{C81A6CF1-2457-4588-936F-026EC7F2A221}.Debug|ARM64.ActiveCfg = Debug|Any CPU
		{C81A6CF1-2457-4588-936F-026EC7F2A221}.Debug|ARM64.Build.0 = Debug|Any CPU
		{C81A6CF1-2457-4588-936F-026EC7F2A221}.Debug|x64.ActiveCfg = Debug|Any CPU
		{C81A6CF1-2457-4588-936F-026EC7F2A221}.Debug|x64.Build.0 = Debug|Any CPU
		{C81A6CF1-2457-4588-936F-026EC7F2A221}.Debug|x86.ActiveCfg = Debug|Any CPU
		{C81A6CF1-2457-4588-936F-026EC7F2A221}.Debug|x86.Build.0 = Debug|Any CPU
		{C81A6CF1-2457-4588-936F-026EC7F2A221}.Release|Any CPU.ActiveCfg = Release|Any CPU
		{C81A6CF1-2457-4588-936F-026EC7F2A221}.Release|Any CPU.Build.0 = Release|Any CPU
		{C81A6CF1-2457-4588-936F-026EC7F2A221}.Release|ARM.ActiveCfg = Release|Any CPU
		{C81A6CF1-2457-4588-936F-026EC7F2A221}.Release|ARM.Build.0 = Release|Any CPU
		{C81A6CF1-2457-4588-936F-026EC7F2A221}.Release|ARM64.ActiveCfg = Release|Any CPU
		{C81A6CF1-2457-4588-936F-026EC7F2A221}.Release|ARM64.Build.0 = Release|Any CPU
		{C81A6CF1-2457-4588-936F-026EC7F2A221}.Release|x64.ActiveCfg = Release|Any CPU
		{C81A6CF1-2457-4588-936F-026EC7F2A221}.Release|x64.Build.0 = Release|Any CPU
		{C81A6CF1-2457-4588-936F-026EC7F2A221}.Release|x86.ActiveCfg = Release|Any CPU
		{C81A6CF1-2457-4588-936F-026EC7F2A221}.Release|x86.Build.0 = Release|Any CPU
		{9F572B22-183A-45C2-80CD-5649F8EDA322}.Debug|Any CPU.ActiveCfg = Debug|Any CPU
		{9F572B22-183A-45C2-80CD-5649F8EDA322}.Debug|Any CPU.Build.0 = Debug|Any CPU
		{9F572B22-183A-45C2-80CD-5649F8EDA322}.Debug|ARM.ActiveCfg = Debug|Any CPU
		{9F572B22-183A-45C2-80CD-5649F8EDA322}.Debug|ARM.Build.0 = Debug|Any CPU
		{9F572B22-183A-45C2-80CD-5649F8EDA322}.Debug|ARM64.ActiveCfg = Debug|Any CPU
		{9F572B22-183A-45C2-80CD-5649F8EDA322}.Debug|ARM64.Build.0 = Debug|Any CPU
		{9F572B22-183A-45C2-80CD-5649F8EDA322}.Debug|x64.ActiveCfg = Debug|Any CPU
		{9F572B22-183A-45C2-80CD-5649F8EDA322}.Debug|x64.Build.0 = Debug|Any CPU
		{9F572B22-183A-45C2-80CD-5649F8EDA322}.Debug|x86.ActiveCfg = Debug|Any CPU
		{9F572B22-183A-45C2-80CD-5649F8EDA322}.Debug|x86.Build.0 = Debug|Any CPU
		{9F572B22-183A-45C2-80CD-5649F8EDA322}.Release|Any CPU.ActiveCfg = Release|Any CPU
		{9F572B22-183A-45C2-80CD-5649F8EDA322}.Release|Any CPU.Build.0 = Release|Any CPU
		{9F572B22-183A-45C2-80CD-5649F8EDA322}.Release|ARM.ActiveCfg = Release|Any CPU
		{9F572B22-183A-45C2-80CD-5649F8EDA322}.Release|ARM.Build.0 = Release|Any CPU
		{9F572B22-183A-45C2-80CD-5649F8EDA322}.Release|ARM64.ActiveCfg = Release|Any CPU
		{9F572B22-183A-45C2-80CD-5649F8EDA322}.Release|ARM64.Build.0 = Release|Any CPU
		{9F572B22-183A-45C2-80CD-5649F8EDA322}.Release|x64.ActiveCfg = Release|Any CPU
		{9F572B22-183A-45C2-80CD-5649F8EDA322}.Release|x64.Build.0 = Release|Any CPU
		{9F572B22-183A-45C2-80CD-5649F8EDA322}.Release|x86.ActiveCfg = Release|Any CPU
		{9F572B22-183A-45C2-80CD-5649F8EDA322}.Release|x86.Build.0 = Release|Any CPU
		{618CACF4-AFF6-4833-9F60-0A87F379543B}.Debug|Any CPU.ActiveCfg = Debug|Any CPU
		{618CACF4-AFF6-4833-9F60-0A87F379543B}.Debug|Any CPU.Build.0 = Debug|Any CPU
		{618CACF4-AFF6-4833-9F60-0A87F379543B}.Debug|ARM.ActiveCfg = Debug|Any CPU
		{618CACF4-AFF6-4833-9F60-0A87F379543B}.Debug|ARM.Build.0 = Debug|Any CPU
		{618CACF4-AFF6-4833-9F60-0A87F379543B}.Debug|ARM64.ActiveCfg = Debug|Any CPU
		{618CACF4-AFF6-4833-9F60-0A87F379543B}.Debug|ARM64.Build.0 = Debug|Any CPU
		{618CACF4-AFF6-4833-9F60-0A87F379543B}.Debug|x64.ActiveCfg = Debug|Any CPU
		{618CACF4-AFF6-4833-9F60-0A87F379543B}.Debug|x64.Build.0 = Debug|Any CPU
		{618CACF4-AFF6-4833-9F60-0A87F379543B}.Debug|x86.ActiveCfg = Debug|Any CPU
		{618CACF4-AFF6-4833-9F60-0A87F379543B}.Debug|x86.Build.0 = Debug|Any CPU
		{618CACF4-AFF6-4833-9F60-0A87F379543B}.Release|Any CPU.ActiveCfg = Release|Any CPU
		{618CACF4-AFF6-4833-9F60-0A87F379543B}.Release|Any CPU.Build.0 = Release|Any CPU
		{618CACF4-AFF6-4833-9F60-0A87F379543B}.Release|ARM.ActiveCfg = Release|Any CPU
		{618CACF4-AFF6-4833-9F60-0A87F379543B}.Release|ARM.Build.0 = Release|Any CPU
		{618CACF4-AFF6-4833-9F60-0A87F379543B}.Release|ARM64.ActiveCfg = Release|Any CPU
		{618CACF4-AFF6-4833-9F60-0A87F379543B}.Release|ARM64.Build.0 = Release|Any CPU
		{618CACF4-AFF6-4833-9F60-0A87F379543B}.Release|x64.ActiveCfg = Release|Any CPU
		{618CACF4-AFF6-4833-9F60-0A87F379543B}.Release|x64.Build.0 = Release|Any CPU
		{618CACF4-AFF6-4833-9F60-0A87F379543B}.Release|x86.ActiveCfg = Release|Any CPU
		{618CACF4-AFF6-4833-9F60-0A87F379543B}.Release|x86.Build.0 = Release|Any CPU
		{14238C7E-1CB5-47FE-9869-F0774CFDA37A}.Debug|Any CPU.ActiveCfg = Debug|Any CPU
		{14238C7E-1CB5-47FE-9869-F0774CFDA37A}.Debug|Any CPU.Build.0 = Debug|Any CPU
		{14238C7E-1CB5-47FE-9869-F0774CFDA37A}.Debug|ARM.ActiveCfg = Debug|Any CPU
		{14238C7E-1CB5-47FE-9869-F0774CFDA37A}.Debug|ARM.Build.0 = Debug|Any CPU
		{14238C7E-1CB5-47FE-9869-F0774CFDA37A}.Debug|ARM64.ActiveCfg = Debug|Any CPU
		{14238C7E-1CB5-47FE-9869-F0774CFDA37A}.Debug|ARM64.Build.0 = Debug|Any CPU
		{14238C7E-1CB5-47FE-9869-F0774CFDA37A}.Debug|x64.ActiveCfg = Debug|Any CPU
		{14238C7E-1CB5-47FE-9869-F0774CFDA37A}.Debug|x64.Build.0 = Debug|Any CPU
		{14238C7E-1CB5-47FE-9869-F0774CFDA37A}.Debug|x86.ActiveCfg = Debug|Any CPU
		{14238C7E-1CB5-47FE-9869-F0774CFDA37A}.Debug|x86.Build.0 = Debug|Any CPU
		{14238C7E-1CB5-47FE-9869-F0774CFDA37A}.Release|Any CPU.ActiveCfg = Release|Any CPU
		{14238C7E-1CB5-47FE-9869-F0774CFDA37A}.Release|Any CPU.Build.0 = Release|Any CPU
		{14238C7E-1CB5-47FE-9869-F0774CFDA37A}.Release|ARM.ActiveCfg = Release|Any CPU
		{14238C7E-1CB5-47FE-9869-F0774CFDA37A}.Release|ARM.Build.0 = Release|Any CPU
		{14238C7E-1CB5-47FE-9869-F0774CFDA37A}.Release|ARM64.ActiveCfg = Release|Any CPU
		{14238C7E-1CB5-47FE-9869-F0774CFDA37A}.Release|ARM64.Build.0 = Release|Any CPU
		{14238C7E-1CB5-47FE-9869-F0774CFDA37A}.Release|x64.ActiveCfg = Release|Any CPU
		{14238C7E-1CB5-47FE-9869-F0774CFDA37A}.Release|x64.Build.0 = Release|Any CPU
		{14238C7E-1CB5-47FE-9869-F0774CFDA37A}.Release|x86.ActiveCfg = Release|Any CPU
		{14238C7E-1CB5-47FE-9869-F0774CFDA37A}.Release|x86.Build.0 = Release|Any CPU
		{8C8425B1-EF9D-420C-9FBB-5C801DF3467B}.Debug|Any CPU.ActiveCfg = Debug|Any CPU
		{8C8425B1-EF9D-420C-9FBB-5C801DF3467B}.Debug|Any CPU.Build.0 = Debug|Any CPU
		{8C8425B1-EF9D-420C-9FBB-5C801DF3467B}.Debug|ARM.ActiveCfg = Debug|Any CPU
		{8C8425B1-EF9D-420C-9FBB-5C801DF3467B}.Debug|ARM.Build.0 = Debug|Any CPU
		{8C8425B1-EF9D-420C-9FBB-5C801DF3467B}.Debug|ARM64.ActiveCfg = Debug|Any CPU
		{8C8425B1-EF9D-420C-9FBB-5C801DF3467B}.Debug|ARM64.Build.0 = Debug|Any CPU
		{8C8425B1-EF9D-420C-9FBB-5C801DF3467B}.Debug|x64.ActiveCfg = Debug|Any CPU
		{8C8425B1-EF9D-420C-9FBB-5C801DF3467B}.Debug|x64.Build.0 = Debug|Any CPU
		{8C8425B1-EF9D-420C-9FBB-5C801DF3467B}.Debug|x86.ActiveCfg = Debug|Any CPU
		{8C8425B1-EF9D-420C-9FBB-5C801DF3467B}.Debug|x86.Build.0 = Debug|Any CPU
		{8C8425B1-EF9D-420C-9FBB-5C801DF3467B}.Release|Any CPU.ActiveCfg = Release|Any CPU
		{8C8425B1-EF9D-420C-9FBB-5C801DF3467B}.Release|Any CPU.Build.0 = Release|Any CPU
		{8C8425B1-EF9D-420C-9FBB-5C801DF3467B}.Release|ARM.ActiveCfg = Release|Any CPU
		{8C8425B1-EF9D-420C-9FBB-5C801DF3467B}.Release|ARM.Build.0 = Release|Any CPU
		{8C8425B1-EF9D-420C-9FBB-5C801DF3467B}.Release|ARM64.ActiveCfg = Release|Any CPU
		{8C8425B1-EF9D-420C-9FBB-5C801DF3467B}.Release|ARM64.Build.0 = Release|Any CPU
		{8C8425B1-EF9D-420C-9FBB-5C801DF3467B}.Release|x64.ActiveCfg = Release|Any CPU
		{8C8425B1-EF9D-420C-9FBB-5C801DF3467B}.Release|x64.Build.0 = Release|Any CPU
		{8C8425B1-EF9D-420C-9FBB-5C801DF3467B}.Release|x86.ActiveCfg = Release|Any CPU
		{8C8425B1-EF9D-420C-9FBB-5C801DF3467B}.Release|x86.Build.0 = Release|Any CPU
		{CA8BD4E7-700E-46C5-9C21-BBF2484B7E0C}.Debug|Any CPU.ActiveCfg = Debug|Any CPU
		{CA8BD4E7-700E-46C5-9C21-BBF2484B7E0C}.Debug|Any CPU.Build.0 = Debug|Any CPU
		{CA8BD4E7-700E-46C5-9C21-BBF2484B7E0C}.Debug|ARM.ActiveCfg = Debug|Any CPU
		{CA8BD4E7-700E-46C5-9C21-BBF2484B7E0C}.Debug|ARM.Build.0 = Debug|Any CPU
		{CA8BD4E7-700E-46C5-9C21-BBF2484B7E0C}.Debug|ARM64.ActiveCfg = Debug|Any CPU
		{CA8BD4E7-700E-46C5-9C21-BBF2484B7E0C}.Debug|ARM64.Build.0 = Debug|Any CPU
		{CA8BD4E7-700E-46C5-9C21-BBF2484B7E0C}.Debug|x64.ActiveCfg = Debug|Any CPU
		{CA8BD4E7-700E-46C5-9C21-BBF2484B7E0C}.Debug|x64.Build.0 = Debug|Any CPU
		{CA8BD4E7-700E-46C5-9C21-BBF2484B7E0C}.Debug|x86.ActiveCfg = Debug|Any CPU
		{CA8BD4E7-700E-46C5-9C21-BBF2484B7E0C}.Debug|x86.Build.0 = Debug|Any CPU
		{CA8BD4E7-700E-46C5-9C21-BBF2484B7E0C}.Release|Any CPU.ActiveCfg = Release|Any CPU
		{CA8BD4E7-700E-46C5-9C21-BBF2484B7E0C}.Release|Any CPU.Build.0 = Release|Any CPU
		{CA8BD4E7-700E-46C5-9C21-BBF2484B7E0C}.Release|ARM.ActiveCfg = Release|Any CPU
		{CA8BD4E7-700E-46C5-9C21-BBF2484B7E0C}.Release|ARM.Build.0 = Release|Any CPU
		{CA8BD4E7-700E-46C5-9C21-BBF2484B7E0C}.Release|ARM64.ActiveCfg = Release|Any CPU
		{CA8BD4E7-700E-46C5-9C21-BBF2484B7E0C}.Release|ARM64.Build.0 = Release|Any CPU
		{CA8BD4E7-700E-46C5-9C21-BBF2484B7E0C}.Release|x64.ActiveCfg = Release|Any CPU
		{CA8BD4E7-700E-46C5-9C21-BBF2484B7E0C}.Release|x64.Build.0 = Release|Any CPU
		{CA8BD4E7-700E-46C5-9C21-BBF2484B7E0C}.Release|x86.ActiveCfg = Release|Any CPU
		{CA8BD4E7-700E-46C5-9C21-BBF2484B7E0C}.Release|x86.Build.0 = Release|Any CPU
		{A6F6747A-22E2-4374-ACE5-6553FCCA227B}.Debug|Any CPU.ActiveCfg = Debug|Any CPU
		{A6F6747A-22E2-4374-ACE5-6553FCCA227B}.Debug|Any CPU.Build.0 = Debug|Any CPU
		{A6F6747A-22E2-4374-ACE5-6553FCCA227B}.Debug|ARM.ActiveCfg = Debug|Any CPU
		{A6F6747A-22E2-4374-ACE5-6553FCCA227B}.Debug|ARM.Build.0 = Debug|Any CPU
		{A6F6747A-22E2-4374-ACE5-6553FCCA227B}.Debug|ARM64.ActiveCfg = Debug|Any CPU
		{A6F6747A-22E2-4374-ACE5-6553FCCA227B}.Debug|ARM64.Build.0 = Debug|Any CPU
		{A6F6747A-22E2-4374-ACE5-6553FCCA227B}.Debug|x64.ActiveCfg = Debug|Any CPU
		{A6F6747A-22E2-4374-ACE5-6553FCCA227B}.Debug|x64.Build.0 = Debug|Any CPU
		{A6F6747A-22E2-4374-ACE5-6553FCCA227B}.Debug|x86.ActiveCfg = Debug|Any CPU
		{A6F6747A-22E2-4374-ACE5-6553FCCA227B}.Debug|x86.Build.0 = Debug|Any CPU
		{A6F6747A-22E2-4374-ACE5-6553FCCA227B}.Release|Any CPU.ActiveCfg = Release|Any CPU
		{A6F6747A-22E2-4374-ACE5-6553FCCA227B}.Release|Any CPU.Build.0 = Release|Any CPU
		{A6F6747A-22E2-4374-ACE5-6553FCCA227B}.Release|ARM.ActiveCfg = Release|Any CPU
		{A6F6747A-22E2-4374-ACE5-6553FCCA227B}.Release|ARM.Build.0 = Release|Any CPU
		{A6F6747A-22E2-4374-ACE5-6553FCCA227B}.Release|ARM64.ActiveCfg = Release|Any CPU
		{A6F6747A-22E2-4374-ACE5-6553FCCA227B}.Release|ARM64.Build.0 = Release|Any CPU
		{A6F6747A-22E2-4374-ACE5-6553FCCA227B}.Release|x64.ActiveCfg = Release|Any CPU
		{A6F6747A-22E2-4374-ACE5-6553FCCA227B}.Release|x64.Build.0 = Release|Any CPU
		{A6F6747A-22E2-4374-ACE5-6553FCCA227B}.Release|x86.ActiveCfg = Release|Any CPU
		{A6F6747A-22E2-4374-ACE5-6553FCCA227B}.Release|x86.Build.0 = Release|Any CPU
		{CCE14A8B-8C91-41E9-97E6-7C9AF4BA767B}.Debug|Any CPU.ActiveCfg = Debug|Any CPU
		{CCE14A8B-8C91-41E9-97E6-7C9AF4BA767B}.Debug|Any CPU.Build.0 = Debug|Any CPU
		{CCE14A8B-8C91-41E9-97E6-7C9AF4BA767B}.Debug|ARM.ActiveCfg = Debug|Any CPU
		{CCE14A8B-8C91-41E9-97E6-7C9AF4BA767B}.Debug|ARM.Build.0 = Debug|Any CPU
		{CCE14A8B-8C91-41E9-97E6-7C9AF4BA767B}.Debug|ARM64.ActiveCfg = Debug|Any CPU
		{CCE14A8B-8C91-41E9-97E6-7C9AF4BA767B}.Debug|ARM64.Build.0 = Debug|Any CPU
		{CCE14A8B-8C91-41E9-97E6-7C9AF4BA767B}.Debug|x64.ActiveCfg = Debug|Any CPU
		{CCE14A8B-8C91-41E9-97E6-7C9AF4BA767B}.Debug|x64.Build.0 = Debug|Any CPU
		{CCE14A8B-8C91-41E9-97E6-7C9AF4BA767B}.Debug|x86.ActiveCfg = Debug|Any CPU
		{CCE14A8B-8C91-41E9-97E6-7C9AF4BA767B}.Debug|x86.Build.0 = Debug|Any CPU
		{CCE14A8B-8C91-41E9-97E6-7C9AF4BA767B}.Release|Any CPU.ActiveCfg = Release|Any CPU
		{CCE14A8B-8C91-41E9-97E6-7C9AF4BA767B}.Release|Any CPU.Build.0 = Release|Any CPU
		{CCE14A8B-8C91-41E9-97E6-7C9AF4BA767B}.Release|ARM.ActiveCfg = Release|Any CPU
		{CCE14A8B-8C91-41E9-97E6-7C9AF4BA767B}.Release|ARM.Build.0 = Release|Any CPU
		{CCE14A8B-8C91-41E9-97E6-7C9AF4BA767B}.Release|ARM64.ActiveCfg = Release|Any CPU
		{CCE14A8B-8C91-41E9-97E6-7C9AF4BA767B}.Release|ARM64.Build.0 = Release|Any CPU
		{CCE14A8B-8C91-41E9-97E6-7C9AF4BA767B}.Release|x64.ActiveCfg = Release|Any CPU
		{CCE14A8B-8C91-41E9-97E6-7C9AF4BA767B}.Release|x64.Build.0 = Release|Any CPU
		{CCE14A8B-8C91-41E9-97E6-7C9AF4BA767B}.Release|x86.ActiveCfg = Release|Any CPU
		{CCE14A8B-8C91-41E9-97E6-7C9AF4BA767B}.Release|x86.Build.0 = Release|Any CPU
		{6F9B089F-6A1C-4C43-A995-668CA385759A}.Debug|Any CPU.ActiveCfg = Debug|Any CPU
		{6F9B089F-6A1C-4C43-A995-668CA385759A}.Debug|Any CPU.Build.0 = Debug|Any CPU
		{6F9B089F-6A1C-4C43-A995-668CA385759A}.Debug|ARM.ActiveCfg = Debug|Any CPU
		{6F9B089F-6A1C-4C43-A995-668CA385759A}.Debug|ARM.Build.0 = Debug|Any CPU
		{6F9B089F-6A1C-4C43-A995-668CA385759A}.Debug|ARM64.ActiveCfg = Debug|Any CPU
		{6F9B089F-6A1C-4C43-A995-668CA385759A}.Debug|ARM64.Build.0 = Debug|Any CPU
		{6F9B089F-6A1C-4C43-A995-668CA385759A}.Debug|x64.ActiveCfg = Debug|Any CPU
		{6F9B089F-6A1C-4C43-A995-668CA385759A}.Debug|x64.Build.0 = Debug|Any CPU
		{6F9B089F-6A1C-4C43-A995-668CA385759A}.Debug|x86.ActiveCfg = Debug|Any CPU
		{6F9B089F-6A1C-4C43-A995-668CA385759A}.Debug|x86.Build.0 = Debug|Any CPU
		{6F9B089F-6A1C-4C43-A995-668CA385759A}.Release|Any CPU.ActiveCfg = Release|Any CPU
		{6F9B089F-6A1C-4C43-A995-668CA385759A}.Release|Any CPU.Build.0 = Release|Any CPU
		{6F9B089F-6A1C-4C43-A995-668CA385759A}.Release|ARM.ActiveCfg = Release|Any CPU
		{6F9B089F-6A1C-4C43-A995-668CA385759A}.Release|ARM.Build.0 = Release|Any CPU
		{6F9B089F-6A1C-4C43-A995-668CA385759A}.Release|ARM64.ActiveCfg = Release|Any CPU
		{6F9B089F-6A1C-4C43-A995-668CA385759A}.Release|ARM64.Build.0 = Release|Any CPU
		{6F9B089F-6A1C-4C43-A995-668CA385759A}.Release|x64.ActiveCfg = Release|Any CPU
		{6F9B089F-6A1C-4C43-A995-668CA385759A}.Release|x64.Build.0 = Release|Any CPU
		{6F9B089F-6A1C-4C43-A995-668CA385759A}.Release|x86.ActiveCfg = Release|Any CPU
		{6F9B089F-6A1C-4C43-A995-668CA385759A}.Release|x86.Build.0 = Release|Any CPU
		{DD38EBAC-3ED4-491D-8FB8-83E112801696}.Debug|Any CPU.ActiveCfg = Debug|Any CPU
		{DD38EBAC-3ED4-491D-8FB8-83E112801696}.Debug|Any CPU.Build.0 = Debug|Any CPU
		{DD38EBAC-3ED4-491D-8FB8-83E112801696}.Debug|ARM.ActiveCfg = Debug|Any CPU
		{DD38EBAC-3ED4-491D-8FB8-83E112801696}.Debug|ARM.Build.0 = Debug|Any CPU
		{DD38EBAC-3ED4-491D-8FB8-83E112801696}.Debug|ARM64.ActiveCfg = Debug|Any CPU
		{DD38EBAC-3ED4-491D-8FB8-83E112801696}.Debug|ARM64.Build.0 = Debug|Any CPU
		{DD38EBAC-3ED4-491D-8FB8-83E112801696}.Debug|x64.ActiveCfg = Debug|Any CPU
		{DD38EBAC-3ED4-491D-8FB8-83E112801696}.Debug|x64.Build.0 = Debug|Any CPU
		{DD38EBAC-3ED4-491D-8FB8-83E112801696}.Debug|x86.ActiveCfg = Debug|Any CPU
		{DD38EBAC-3ED4-491D-8FB8-83E112801696}.Debug|x86.Build.0 = Debug|Any CPU
		{DD38EBAC-3ED4-491D-8FB8-83E112801696}.Release|Any CPU.ActiveCfg = Release|Any CPU
		{DD38EBAC-3ED4-491D-8FB8-83E112801696}.Release|Any CPU.Build.0 = Release|Any CPU
		{DD38EBAC-3ED4-491D-8FB8-83E112801696}.Release|ARM.ActiveCfg = Release|Any CPU
		{DD38EBAC-3ED4-491D-8FB8-83E112801696}.Release|ARM.Build.0 = Release|Any CPU
		{DD38EBAC-3ED4-491D-8FB8-83E112801696}.Release|ARM64.ActiveCfg = Release|Any CPU
		{DD38EBAC-3ED4-491D-8FB8-83E112801696}.Release|ARM64.Build.0 = Release|Any CPU
		{DD38EBAC-3ED4-491D-8FB8-83E112801696}.Release|x64.ActiveCfg = Release|Any CPU
		{DD38EBAC-3ED4-491D-8FB8-83E112801696}.Release|x64.Build.0 = Release|Any CPU
		{DD38EBAC-3ED4-491D-8FB8-83E112801696}.Release|x86.ActiveCfg = Release|Any CPU
		{DD38EBAC-3ED4-491D-8FB8-83E112801696}.Release|x86.Build.0 = Release|Any CPU
		{181D2CE1-6BF2-40D8-BA21-525177A11ADD}.Debug|Any CPU.ActiveCfg = Debug|Any CPU
		{181D2CE1-6BF2-40D8-BA21-525177A11ADD}.Debug|Any CPU.Build.0 = Debug|Any CPU
		{181D2CE1-6BF2-40D8-BA21-525177A11ADD}.Debug|ARM.ActiveCfg = Debug|Any CPU
		{181D2CE1-6BF2-40D8-BA21-525177A11ADD}.Debug|ARM.Build.0 = Debug|Any CPU
		{181D2CE1-6BF2-40D8-BA21-525177A11ADD}.Debug|ARM64.ActiveCfg = Debug|Any CPU
		{181D2CE1-6BF2-40D8-BA21-525177A11ADD}.Debug|ARM64.Build.0 = Debug|Any CPU
		{181D2CE1-6BF2-40D8-BA21-525177A11ADD}.Debug|x64.ActiveCfg = Debug|Any CPU
		{181D2CE1-6BF2-40D8-BA21-525177A11ADD}.Debug|x64.Build.0 = Debug|Any CPU
		{181D2CE1-6BF2-40D8-BA21-525177A11ADD}.Debug|x86.ActiveCfg = Debug|Any CPU
		{181D2CE1-6BF2-40D8-BA21-525177A11ADD}.Debug|x86.Build.0 = Debug|Any CPU
		{181D2CE1-6BF2-40D8-BA21-525177A11ADD}.Release|Any CPU.ActiveCfg = Release|Any CPU
		{181D2CE1-6BF2-40D8-BA21-525177A11ADD}.Release|Any CPU.Build.0 = Release|Any CPU
		{181D2CE1-6BF2-40D8-BA21-525177A11ADD}.Release|ARM.ActiveCfg = Release|Any CPU
		{181D2CE1-6BF2-40D8-BA21-525177A11ADD}.Release|ARM.Build.0 = Release|Any CPU
		{181D2CE1-6BF2-40D8-BA21-525177A11ADD}.Release|ARM64.ActiveCfg = Release|Any CPU
		{181D2CE1-6BF2-40D8-BA21-525177A11ADD}.Release|ARM64.Build.0 = Release|Any CPU
		{181D2CE1-6BF2-40D8-BA21-525177A11ADD}.Release|x64.ActiveCfg = Release|Any CPU
		{181D2CE1-6BF2-40D8-BA21-525177A11ADD}.Release|x64.Build.0 = Release|Any CPU
		{181D2CE1-6BF2-40D8-BA21-525177A11ADD}.Release|x86.ActiveCfg = Release|Any CPU
		{181D2CE1-6BF2-40D8-BA21-525177A11ADD}.Release|x86.Build.0 = Release|Any CPU
		{1233529C-A1F5-4BC5-AD60-412B28AF0C83}.Debug|Any CPU.ActiveCfg = Debug|Any CPU
		{1233529C-A1F5-4BC5-AD60-412B28AF0C83}.Debug|Any CPU.Build.0 = Debug|Any CPU
		{1233529C-A1F5-4BC5-AD60-412B28AF0C83}.Debug|ARM.ActiveCfg = Debug|Any CPU
		{1233529C-A1F5-4BC5-AD60-412B28AF0C83}.Debug|ARM.Build.0 = Debug|Any CPU
		{1233529C-A1F5-4BC5-AD60-412B28AF0C83}.Debug|ARM64.ActiveCfg = Debug|Any CPU
		{1233529C-A1F5-4BC5-AD60-412B28AF0C83}.Debug|ARM64.Build.0 = Debug|Any CPU
		{1233529C-A1F5-4BC5-AD60-412B28AF0C83}.Debug|x64.ActiveCfg = Debug|Any CPU
		{1233529C-A1F5-4BC5-AD60-412B28AF0C83}.Debug|x64.Build.0 = Debug|Any CPU
		{1233529C-A1F5-4BC5-AD60-412B28AF0C83}.Debug|x86.ActiveCfg = Debug|Any CPU
		{1233529C-A1F5-4BC5-AD60-412B28AF0C83}.Debug|x86.Build.0 = Debug|Any CPU
		{1233529C-A1F5-4BC5-AD60-412B28AF0C83}.Release|Any CPU.ActiveCfg = Release|Any CPU
		{1233529C-A1F5-4BC5-AD60-412B28AF0C83}.Release|Any CPU.Build.0 = Release|Any CPU
		{1233529C-A1F5-4BC5-AD60-412B28AF0C83}.Release|ARM.ActiveCfg = Release|Any CPU
		{1233529C-A1F5-4BC5-AD60-412B28AF0C83}.Release|ARM.Build.0 = Release|Any CPU
		{1233529C-A1F5-4BC5-AD60-412B28AF0C83}.Release|ARM64.ActiveCfg = Release|Any CPU
		{1233529C-A1F5-4BC5-AD60-412B28AF0C83}.Release|ARM64.Build.0 = Release|Any CPU
		{1233529C-A1F5-4BC5-AD60-412B28AF0C83}.Release|x64.ActiveCfg = Release|Any CPU
		{1233529C-A1F5-4BC5-AD60-412B28AF0C83}.Release|x64.Build.0 = Release|Any CPU
		{1233529C-A1F5-4BC5-AD60-412B28AF0C83}.Release|x86.ActiveCfg = Release|Any CPU
		{1233529C-A1F5-4BC5-AD60-412B28AF0C83}.Release|x86.Build.0 = Release|Any CPU
		{8064C0EB-B5C1-462E-A412-F22A60117133}.Debug|Any CPU.ActiveCfg = Debug|Any CPU
		{8064C0EB-B5C1-462E-A412-F22A60117133}.Debug|Any CPU.Build.0 = Debug|Any CPU
		{8064C0EB-B5C1-462E-A412-F22A60117133}.Debug|ARM.ActiveCfg = Debug|Any CPU
		{8064C0EB-B5C1-462E-A412-F22A60117133}.Debug|ARM.Build.0 = Debug|Any CPU
		{8064C0EB-B5C1-462E-A412-F22A60117133}.Debug|ARM64.ActiveCfg = Debug|Any CPU
		{8064C0EB-B5C1-462E-A412-F22A60117133}.Debug|ARM64.Build.0 = Debug|Any CPU
		{8064C0EB-B5C1-462E-A412-F22A60117133}.Debug|x64.ActiveCfg = Debug|Any CPU
		{8064C0EB-B5C1-462E-A412-F22A60117133}.Debug|x64.Build.0 = Debug|Any CPU
		{8064C0EB-B5C1-462E-A412-F22A60117133}.Debug|x86.ActiveCfg = Debug|Any CPU
		{8064C0EB-B5C1-462E-A412-F22A60117133}.Debug|x86.Build.0 = Debug|Any CPU
		{8064C0EB-B5C1-462E-A412-F22A60117133}.Release|Any CPU.ActiveCfg = Release|Any CPU
		{8064C0EB-B5C1-462E-A412-F22A60117133}.Release|Any CPU.Build.0 = Release|Any CPU
		{8064C0EB-B5C1-462E-A412-F22A60117133}.Release|ARM.ActiveCfg = Release|Any CPU
		{8064C0EB-B5C1-462E-A412-F22A60117133}.Release|ARM.Build.0 = Release|Any CPU
		{8064C0EB-B5C1-462E-A412-F22A60117133}.Release|ARM64.ActiveCfg = Release|Any CPU
		{8064C0EB-B5C1-462E-A412-F22A60117133}.Release|ARM64.Build.0 = Release|Any CPU
		{8064C0EB-B5C1-462E-A412-F22A60117133}.Release|x64.ActiveCfg = Release|Any CPU
		{8064C0EB-B5C1-462E-A412-F22A60117133}.Release|x64.Build.0 = Release|Any CPU
		{8064C0EB-B5C1-462E-A412-F22A60117133}.Release|x86.ActiveCfg = Release|Any CPU
		{8064C0EB-B5C1-462E-A412-F22A60117133}.Release|x86.Build.0 = Release|Any CPU
		{FAB492DE-088F-43DD-B9AD-00B05C826C66}.Debug|Any CPU.ActiveCfg = Debug|Any CPU
		{FAB492DE-088F-43DD-B9AD-00B05C826C66}.Debug|Any CPU.Build.0 = Debug|Any CPU
		{FAB492DE-088F-43DD-B9AD-00B05C826C66}.Debug|ARM.ActiveCfg = Debug|Any CPU
		{FAB492DE-088F-43DD-B9AD-00B05C826C66}.Debug|ARM.Build.0 = Debug|Any CPU
		{FAB492DE-088F-43DD-B9AD-00B05C826C66}.Debug|ARM64.ActiveCfg = Debug|Any CPU
		{FAB492DE-088F-43DD-B9AD-00B05C826C66}.Debug|ARM64.Build.0 = Debug|Any CPU
		{FAB492DE-088F-43DD-B9AD-00B05C826C66}.Debug|x64.ActiveCfg = Debug|Any CPU
		{FAB492DE-088F-43DD-B9AD-00B05C826C66}.Debug|x64.Build.0 = Debug|Any CPU
		{FAB492DE-088F-43DD-B9AD-00B05C826C66}.Debug|x86.ActiveCfg = Debug|Any CPU
		{FAB492DE-088F-43DD-B9AD-00B05C826C66}.Debug|x86.Build.0 = Debug|Any CPU
		{FAB492DE-088F-43DD-B9AD-00B05C826C66}.Release|Any CPU.ActiveCfg = Release|Any CPU
		{FAB492DE-088F-43DD-B9AD-00B05C826C66}.Release|Any CPU.Build.0 = Release|Any CPU
		{FAB492DE-088F-43DD-B9AD-00B05C826C66}.Release|ARM.ActiveCfg = Release|Any CPU
		{FAB492DE-088F-43DD-B9AD-00B05C826C66}.Release|ARM.Build.0 = Release|Any CPU
		{FAB492DE-088F-43DD-B9AD-00B05C826C66}.Release|ARM64.ActiveCfg = Release|Any CPU
		{FAB492DE-088F-43DD-B9AD-00B05C826C66}.Release|ARM64.Build.0 = Release|Any CPU
		{FAB492DE-088F-43DD-B9AD-00B05C826C66}.Release|x64.ActiveCfg = Release|Any CPU
		{FAB492DE-088F-43DD-B9AD-00B05C826C66}.Release|x64.Build.0 = Release|Any CPU
		{FAB492DE-088F-43DD-B9AD-00B05C826C66}.Release|x86.ActiveCfg = Release|Any CPU
		{FAB492DE-088F-43DD-B9AD-00B05C826C66}.Release|x86.Build.0 = Release|Any CPU
		{EA72A07C-BDD7-B42F-7346-725B0EA54635}.Debug|Any CPU.ActiveCfg = Debug|Any CPU
		{EA72A07C-BDD7-B42F-7346-725B0EA54635}.Debug|Any CPU.Build.0 = Debug|Any CPU
		{EA72A07C-BDD7-B42F-7346-725B0EA54635}.Debug|ARM.ActiveCfg = Debug|Any CPU
		{EA72A07C-BDD7-B42F-7346-725B0EA54635}.Debug|ARM.Build.0 = Debug|Any CPU
		{EA72A07C-BDD7-B42F-7346-725B0EA54635}.Debug|ARM64.ActiveCfg = Debug|Any CPU
		{EA72A07C-BDD7-B42F-7346-725B0EA54635}.Debug|ARM64.Build.0 = Debug|Any CPU
		{EA72A07C-BDD7-B42F-7346-725B0EA54635}.Debug|x64.ActiveCfg = Debug|Any CPU
		{EA72A07C-BDD7-B42F-7346-725B0EA54635}.Debug|x64.Build.0 = Debug|Any CPU
		{EA72A07C-BDD7-B42F-7346-725B0EA54635}.Debug|x86.ActiveCfg = Debug|Any CPU
		{EA72A07C-BDD7-B42F-7346-725B0EA54635}.Debug|x86.Build.0 = Debug|Any CPU
		{EA72A07C-BDD7-B42F-7346-725B0EA54635}.Release|Any CPU.ActiveCfg = Release|Any CPU
		{EA72A07C-BDD7-B42F-7346-725B0EA54635}.Release|Any CPU.Build.0 = Release|Any CPU
		{EA72A07C-BDD7-B42F-7346-725B0EA54635}.Release|ARM.ActiveCfg = Release|Any CPU
		{EA72A07C-BDD7-B42F-7346-725B0EA54635}.Release|ARM.Build.0 = Release|Any CPU
		{EA72A07C-BDD7-B42F-7346-725B0EA54635}.Release|ARM64.ActiveCfg = Release|Any CPU
		{EA72A07C-BDD7-B42F-7346-725B0EA54635}.Release|ARM64.Build.0 = Release|Any CPU
		{EA72A07C-BDD7-B42F-7346-725B0EA54635}.Release|x64.ActiveCfg = Release|Any CPU
		{EA72A07C-BDD7-B42F-7346-725B0EA54635}.Release|x64.Build.0 = Release|Any CPU
		{EA72A07C-BDD7-B42F-7346-725B0EA54635}.Release|x86.ActiveCfg = Release|Any CPU
		{EA72A07C-BDD7-B42F-7346-725B0EA54635}.Release|x86.Build.0 = Release|Any CPU
		{E646A988-FDC6-47B5-AC9E-5DF2257CE594}.Debug|Any CPU.ActiveCfg = Debug|Any CPU
		{E646A988-FDC6-47B5-AC9E-5DF2257CE594}.Debug|Any CPU.Build.0 = Debug|Any CPU
		{E646A988-FDC6-47B5-AC9E-5DF2257CE594}.Debug|ARM.ActiveCfg = Debug|Any CPU
		{E646A988-FDC6-47B5-AC9E-5DF2257CE594}.Debug|ARM.Build.0 = Debug|Any CPU
		{E646A988-FDC6-47B5-AC9E-5DF2257CE594}.Debug|ARM64.ActiveCfg = Debug|Any CPU
		{E646A988-FDC6-47B5-AC9E-5DF2257CE594}.Debug|ARM64.Build.0 = Debug|Any CPU
		{E646A988-FDC6-47B5-AC9E-5DF2257CE594}.Debug|x64.ActiveCfg = Debug|Any CPU
		{E646A988-FDC6-47B5-AC9E-5DF2257CE594}.Debug|x64.Build.0 = Debug|Any CPU
		{E646A988-FDC6-47B5-AC9E-5DF2257CE594}.Debug|x86.ActiveCfg = Debug|Any CPU
		{E646A988-FDC6-47B5-AC9E-5DF2257CE594}.Debug|x86.Build.0 = Debug|Any CPU
		{E646A988-FDC6-47B5-AC9E-5DF2257CE594}.Release|Any CPU.ActiveCfg = Release|Any CPU
		{E646A988-FDC6-47B5-AC9E-5DF2257CE594}.Release|Any CPU.Build.0 = Release|Any CPU
		{E646A988-FDC6-47B5-AC9E-5DF2257CE594}.Release|ARM.ActiveCfg = Release|Any CPU
		{E646A988-FDC6-47B5-AC9E-5DF2257CE594}.Release|ARM.Build.0 = Release|Any CPU
		{E646A988-FDC6-47B5-AC9E-5DF2257CE594}.Release|ARM64.ActiveCfg = Release|Any CPU
		{E646A988-FDC6-47B5-AC9E-5DF2257CE594}.Release|ARM64.Build.0 = Release|Any CPU
		{E646A988-FDC6-47B5-AC9E-5DF2257CE594}.Release|x64.ActiveCfg = Release|Any CPU
		{E646A988-FDC6-47B5-AC9E-5DF2257CE594}.Release|x64.Build.0 = Release|Any CPU
		{E646A988-FDC6-47B5-AC9E-5DF2257CE594}.Release|x86.ActiveCfg = Release|Any CPU
		{E646A988-FDC6-47B5-AC9E-5DF2257CE594}.Release|x86.Build.0 = Release|Any CPU
		{4CD0EE0D-19EF-4215-93E3-D34A00A1A346}.Debug|Any CPU.ActiveCfg = Debug|Any CPU
		{4CD0EE0D-19EF-4215-93E3-D34A00A1A346}.Debug|Any CPU.Build.0 = Debug|Any CPU
		{4CD0EE0D-19EF-4215-93E3-D34A00A1A346}.Debug|ARM.ActiveCfg = Debug|Any CPU
		{4CD0EE0D-19EF-4215-93E3-D34A00A1A346}.Debug|ARM.Build.0 = Debug|Any CPU
		{4CD0EE0D-19EF-4215-93E3-D34A00A1A346}.Debug|ARM64.ActiveCfg = Debug|Any CPU
		{4CD0EE0D-19EF-4215-93E3-D34A00A1A346}.Debug|ARM64.Build.0 = Debug|Any CPU
		{4CD0EE0D-19EF-4215-93E3-D34A00A1A346}.Debug|x64.ActiveCfg = Debug|Any CPU
		{4CD0EE0D-19EF-4215-93E3-D34A00A1A346}.Debug|x64.Build.0 = Debug|Any CPU
		{4CD0EE0D-19EF-4215-93E3-D34A00A1A346}.Debug|x86.ActiveCfg = Debug|Any CPU
		{4CD0EE0D-19EF-4215-93E3-D34A00A1A346}.Debug|x86.Build.0 = Debug|Any CPU
		{4CD0EE0D-19EF-4215-93E3-D34A00A1A346}.Release|Any CPU.ActiveCfg = Release|Any CPU
		{4CD0EE0D-19EF-4215-93E3-D34A00A1A346}.Release|Any CPU.Build.0 = Release|Any CPU
		{4CD0EE0D-19EF-4215-93E3-D34A00A1A346}.Release|ARM.ActiveCfg = Release|Any CPU
		{4CD0EE0D-19EF-4215-93E3-D34A00A1A346}.Release|ARM.Build.0 = Release|Any CPU
		{4CD0EE0D-19EF-4215-93E3-D34A00A1A346}.Release|ARM64.ActiveCfg = Release|Any CPU
		{4CD0EE0D-19EF-4215-93E3-D34A00A1A346}.Release|ARM64.Build.0 = Release|Any CPU
		{4CD0EE0D-19EF-4215-93E3-D34A00A1A346}.Release|x64.ActiveCfg = Release|Any CPU
		{4CD0EE0D-19EF-4215-93E3-D34A00A1A346}.Release|x64.Build.0 = Release|Any CPU
		{4CD0EE0D-19EF-4215-93E3-D34A00A1A346}.Release|x86.ActiveCfg = Release|Any CPU
		{4CD0EE0D-19EF-4215-93E3-D34A00A1A346}.Release|x86.Build.0 = Release|Any CPU
	EndGlobalSection
	GlobalSection(SolutionProperties) = preSolution
		HideSolutionNode = FALSE
	EndGlobalSection
	GlobalSection(ExtensibilityGlobals) = postSolution
		SolutionGuid = {53C701D6-1AC2-4B5C-BE3D-3D1830FCC016}
	EndGlobalSection
EndGlobal
